
Microsoft Visual Studio Solution File, Format Version 12.00
Project("{FAE04EC0-301F-11D3-BF4B-00C04F79EFBC}") = "Mission10", "Mission10\Mission10.csproj", "{0A39F2CE-15E8-49A1-8418-C9E10AF308C3}"
EndProject
Global
	GlobalSection(SolutionConfigurationPlatforms) = preSolution
		Debug|Any CPU = Debug|Any CPU
		Release|Any CPU = Release|Any CPU
	EndGlobalSection
	GlobalSection(ProjectConfigurationPlatforms) = postSolution
		{0A39F2CE-15E8-49A1-8418-C9E10AF308C3}.Debug|Any CPU.ActiveCfg = Debug|Any CPU
		{0A39F2CE-15E8-49A1-8418-C9E10AF308C3}.Debug|Any CPU.Build.0 = Debug|Any CPU
		{0A39F2CE-15E8-49A1-8418-C9E10AF308C3}.Release|Any CPU.ActiveCfg = Release|Any CPU
		{0A39F2CE-15E8-49A1-8418-C9E10AF308C3}.Release|Any CPU.Build.0 = Release|Any CPU
	EndGlobalSection
EndGlobal
